
Microsoft Visual Studio Solution File, Format Version 12.00
# Visual Studio Version 17
VisualStudioVersion = 17.8.34316.72
MinimumVisualStudioVersion = 10.0.40219.1
Project("{FAE04EC0-301F-11D3-BF4B-00C04F79EFBC}") = "DotnetCollectionsDemo", "DotnetCollectionsDemo\DotnetCollectionsDemo.csproj", "{0537F780-C940-4C9E-AB64-06E8B7DE37EC}"
	ProjectSection(ProjectDependencies) = postProject
		{DD0473CB-26EC-48E3-85E1-4B61EF1861EB} = {DD0473CB-26EC-48E3-85E1-4B61EF1861EB}
	EndProjectSection
EndProject
Project("{FAE04EC0-301F-11D3-BF4B-00C04F79EFBC}") = "ShoppingLibrary", "ShoppingLibrary\ShoppingLibrary.csproj", "{DD0473CB-26EC-48E3-85E1-4B61EF1861EB}"
EndProject
Global
	GlobalSection(SolutionConfigurationPlatforms) = preSolution
		Debug|Any CPU = Debug|Any CPU
		Release|Any CPU = Release|Any CPU
	EndGlobalSection
	GlobalSection(ProjectConfigurationPlatforms) = postSolution
		{0537F780-C940-4C9E-AB64-06E8B7DE37EC}.Debug|Any CPU.ActiveCfg = Debug|Any CPU
		{0537F780-C940-4C9E-AB64-06E8B7DE37EC}.Debug|Any CPU.Build.0 = Debug|Any CPU
		{0537F780-C940-4C9E-AB64-06E8B7DE37EC}.Release|Any CPU.ActiveCfg = Release|Any CPU
		{0537F780-C940-4C9E-AB64-06E8B7DE37EC}.Release|Any CPU.Build.0 = Release|Any CPU
		{DD0473CB-26EC-48E3-85E1-4B61EF1861EB}.Debug|Any CPU.ActiveCfg = Debug|Any CPU
		{DD0473CB-26EC-48E3-85E1-4B61EF1861EB}.Debug|Any CPU.Build.0 = Debug|Any CPU
		{DD0473CB-26EC-48E3-85E1-4B61EF1861EB}.Release|Any CPU.ActiveCfg = Release|Any CPU
		{DD0473CB-26EC-48E3-85E1-4B61EF1861EB}.Release|Any CPU.Build.0 = Release|Any CPU
	EndGlobalSection
	GlobalSection(SolutionProperties) = preSolution
		HideSolutionNode = FALSE
	EndGlobalSection
	GlobalSection(ExtensibilityGlobals) = postSolution
		SolutionGuid = {86F94738-0317-423E-9072-E1A66ADC4966}
	EndGlobalSection
EndGlobal
